
Microsoft Visual Studio Solution File, Format Version 12.00
# Visual Studio Version 16
VisualStudioVersion = 16.0.29806.167
MinimumVisualStudioVersion = 10.0.40219.1
Project("{2150E333-8FDC-42A3-9474-1A3956D46DE8}") = "Inner", "Inner", "{9A0B114B-D97E-48CF-8541-6FC5AFB017E5}"
EndProject
Project("{2150E333-8FDC-42A3-9474-1A3956D46DE8}") = "Surface", "Surface", "{1ECC7AC6-DBEA-41D2-8B4F-1FC91528083C}"
EndProject
Project("{FAE04EC0-301F-11D3-BF4B-00C04F79EFBC}") = "ManageEXP.WebApi", "ManageEXP.WebApi\ManageEXP.WebApi.csproj", "{37814001-D770-4D2F-81D1-0EBDB6122AD0}"
EndProject
Project("{FAE04EC0-301F-11D3-BF4B-00C04F79EFBC}") = "ManageEXP.Domain", "ManageEXP.Domain\ManageEXP.Domain.csproj", "{E73E684E-CD20-43F5-96A9-99052391E306}"
EndProject
Global
	GlobalSection(SolutionConfigurationPlatforms) = preSolution
		Debug|Any CPU = Debug|Any CPU
		Release|Any CPU = Release|Any CPU
	EndGlobalSection
	GlobalSection(ProjectConfigurationPlatforms) = postSolution
		{37814001-D770-4D2F-81D1-0EBDB6122AD0}.Debug|Any CPU.ActiveCfg = Debug|Any CPU
		{37814001-D770-4D2F-81D1-0EBDB6122AD0}.Debug|Any CPU.Build.0 = Debug|Any CPU
		{37814001-D770-4D2F-81D1-0EBDB6122AD0}.Release|Any CPU.ActiveCfg = Release|Any CPU
		{37814001-D770-4D2F-81D1-0EBDB6122AD0}.Release|Any CPU.Build.0 = Release|Any CPU
		{E73E684E-CD20-43F5-96A9-99052391E306}.Debug|Any CPU.ActiveCfg = Debug|Any CPU
		{E73E684E-CD20-43F5-96A9-99052391E306}.Debug|Any CPU.Build.0 = Debug|Any CPU
		{E73E684E-CD20-43F5-96A9-99052391E306}.Release|Any CPU.ActiveCfg = Release|Any CPU
		{E73E684E-CD20-43F5-96A9-99052391E306}.Release|Any CPU.Build.0 = Release|Any CPU
	EndGlobalSection
	GlobalSection(SolutionProperties) = preSolution
		HideSolutionNode = FALSE
	EndGlobalSection
	GlobalSection(NestedProjects) = preSolution
		{37814001-D770-4D2F-81D1-0EBDB6122AD0} = {1ECC7AC6-DBEA-41D2-8B4F-1FC91528083C}
		{E73E684E-CD20-43F5-96A9-99052391E306} = {9A0B114B-D97E-48CF-8541-6FC5AFB017E5}
	EndGlobalSection
	GlobalSection(ExtensibilityGlobals) = postSolution
		SolutionGuid = {E9A710E3-5692-4BF6-81D3-685B700F7FB7}
	EndGlobalSection
EndGlobal
